
Microsoft Visual Studio Solution File, Format Version 12.00
# Visual Studio 15
VisualStudioVersion = 15.0.28307.1321
MinimumVisualStudioVersion = 10.0.40219.1
Project("{FAE04EC0-301F-11D3-BF4B-00C04F79EFBC}") = "GroupomaniaDatabase", "GroupomaniaDatabase\GroupomaniaDatabase.csproj", "{E9046A2D-E5B5-43BC-B706-1DD55448CBE2}"
EndProject
Global
	GlobalSection(SolutionConfigurationPlatforms) = preSolution
		Debug|Any CPU = Debug|Any CPU
		Release|Any CPU = Release|Any CPU
	EndGlobalSection
	GlobalSection(ProjectConfigurationPlatforms) = postSolution
		{E9046A2D-E5B5-43BC-B706-1DD55448CBE2}.Debug|Any CPU.ActiveCfg = Debug|Any CPU
		{E9046A2D-E5B5-43BC-B706-1DD55448CBE2}.Debug|Any CPU.Build.0 = Debug|Any CPU
		{E9046A2D-E5B5-43BC-B706-1DD55448CBE2}.Release|Any CPU.ActiveCfg = Release|Any CPU
		{E9046A2D-E5B5-43BC-B706-1DD55448CBE2}.Release|Any CPU.Build.0 = Release|Any CPU
	EndGlobalSection
	GlobalSection(SolutionProperties) = preSolution
		HideSolutionNode = FALSE
	EndGlobalSection
	GlobalSection(ExtensibilityGlobals) = postSolution
		SolutionGuid = {60113692-36CF-47BA-AFB4-3A2AACF39A3D}
	EndGlobalSection
EndGlobal
